
Microsoft Visual Studio Solution File, Format Version 12.00
# Visual Studio Version 16
VisualStudioVersion = 16.0.29306.81
MinimumVisualStudioVersion = 10.0.40219.1
Project("{FAE04EC0-301F-11D3-BF4B-00C04F79EFBC}") = "DummyLibrary", "DummyLibrary\DummyLibrary.csproj", "{8C6B4B63-119D-4151-A29A-DF0212678BBD}"
EndProject
Global
	GlobalSection(SolutionConfigurationPlatforms) = preSolution
		Debug|Any CPU = Debug|Any CPU
		Release|Any CPU = Release|Any CPU
	EndGlobalSection
	GlobalSection(ProjectConfigurationPlatforms) = postSolution
		{8C6B4B63-119D-4151-A29A-DF0212678BBD}.Debug|Any CPU.ActiveCfg = Debug|Any CPU
		{8C6B4B63-119D-4151-A29A-DF0212678BBD}.Debug|Any CPU.Build.0 = Debug|Any CPU
		{8C6B4B63-119D-4151-A29A-DF0212678BBD}.Release|Any CPU.ActiveCfg = Release|Any CPU
		{8C6B4B63-119D-4151-A29A-DF0212678BBD}.Release|Any CPU.Build.0 = Release|Any CPU
	EndGlobalSection
	GlobalSection(SolutionProperties) = preSolution
		HideSolutionNode = FALSE
	EndGlobalSection
	GlobalSection(ExtensibilityGlobals) = postSolution
		SolutionGuid = {233F7A59-876E-46D4-ACC4-830D60396608}
	EndGlobalSection
EndGlobal
